
Microsoft Visual Studio Solution File, Format Version 12.00
# Visual Studio Version 17
VisualStudioVersion = 17.13.35825.156 d17.13
MinimumVisualStudioVersion = 10.0.40219.1
Project("{FAE04EC0-301F-11D3-BF4B-00C04F79EFBC}") = "1", "1\1.csproj", "{83EA10F5-521A-446A-8FE6-BAD318E037B7}"
EndProject
Project("{FAE04EC0-301F-11D3-BF4B-00C04F79EFBC}") = "2", "2\2.csproj", "{FC3460B8-7476-4AB3-B4F7-E97E59BEAEBC}"
EndProject
Project("{FAE04EC0-301F-11D3-BF4B-00C04F79EFBC}") = "3", "3\3.csproj", "{361A0683-21C0-4F13-96AF-68A754977E66}"
EndProject
Project("{FAE04EC0-301F-11D3-BF4B-00C04F79EFBC}") = "4", "4\4.csproj", "{3D508FE4-ADAD-46E1-8CAE-0B6D5A633E50}"
EndProject
Project("{FAE04EC0-301F-11D3-BF4B-00C04F79EFBC}") = "5", "5\5.csproj", "{D608C537-4989-485B-BE00-6FC5F0E172C9}"
EndProject
Project("{FAE04EC0-301F-11D3-BF4B-00C04F79EFBC}") = "6", "6\6.csproj", "{D4BA4EFC-154F-492E-BE03-F06851EC975D}"
EndProject
Global
	GlobalSection(SolutionConfigurationPlatforms) = preSolution
		Debug|Any CPU = Debug|Any CPU
		Release|Any CPU = Release|Any CPU
	EndGlobalSection
	GlobalSection(ProjectConfigurationPlatforms) = postSolution
		{83EA10F5-521A-446A-8FE6-BAD318E037B7}.Debug|Any CPU.ActiveCfg = Debug|Any CPU
		{83EA10F5-521A-446A-8FE6-BAD318E037B7}.Debug|Any CPU.Build.0 = Debug|Any CPU
		{83EA10F5-521A-446A-8FE6-BAD318E037B7}.Release|Any CPU.ActiveCfg = Release|Any CPU
		{83EA10F5-521A-446A-8FE6-BAD318E037B7}.Release|Any CPU.Build.0 = Release|Any CPU
		{FC3460B8-7476-4AB3-B4F7-E97E59BEAEBC}.Debug|Any CPU.ActiveCfg = Debug|Any CPU
		{FC3460B8-7476-4AB3-B4F7-E97E59BEAEBC}.Debug|Any CPU.Build.0 = Debug|Any CPU
		{FC3460B8-7476-4AB3-B4F7-E97E59BEAEBC}.Release|Any CPU.ActiveCfg = Release|Any CPU
		{FC3460B8-7476-4AB3-B4F7-E97E59BEAEBC}.Release|Any CPU.Build.0 = Release|Any CPU
		{361A0683-21C0-4F13-96AF-68A754977E66}.Debug|Any CPU.ActiveCfg = Debug|Any CPU
		{361A0683-21C0-4F13-96AF-68A754977E66}.Debug|Any CPU.Build.0 = Debug|Any CPU
		{361A0683-21C0-4F13-96AF-68A754977E66}.Release|Any CPU.ActiveCfg = Release|Any CPU
		{361A0683-21C0-4F13-96AF-68A754977E66}.Release|Any CPU.Build.0 = Release|Any CPU
		{3D508FE4-ADAD-46E1-8CAE-0B6D5A633E50}.Debug|Any CPU.ActiveCfg = Debug|Any CPU
		{3D508FE4-ADAD-46E1-8CAE-0B6D5A633E50}.Debug|Any CPU.Build.0 = Debug|Any CPU
		{3D508FE4-ADAD-46E1-8CAE-0B6D5A633E50}.Release|Any CPU.ActiveCfg = Release|Any CPU
		{3D508FE4-ADAD-46E1-8CAE-0B6D5A633E50}.Release|Any CPU.Build.0 = Release|Any CPU
		{D608C537-4989-485B-BE00-6FC5F0E172C9}.Debug|Any CPU.ActiveCfg = Debug|Any CPU
		{D608C537-4989-485B-BE00-6FC5F0E172C9}.Debug|Any CPU.Build.0 = Debug|Any CPU
		{D608C537-4989-485B-BE00-6FC5F0E172C9}.Release|Any CPU.ActiveCfg = Release|Any CPU
		{D608C537-4989-485B-BE00-6FC5F0E172C9}.Release|Any CPU.Build.0 = Release|Any CPU
		{D4BA4EFC-154F-492E-BE03-F06851EC975D}.Debug|Any CPU.ActiveCfg = Debug|Any CPU
		{D4BA4EFC-154F-492E-BE03-F06851EC975D}.Debug|Any CPU.Build.0 = Debug|Any CPU
		{D4BA4EFC-154F-492E-BE03-F06851EC975D}.Release|Any CPU.ActiveCfg = Release|Any CPU
		{D4BA4EFC-154F-492E-BE03-F06851EC975D}.Release|Any CPU.Build.0 = Release|Any CPU
	EndGlobalSection
	GlobalSection(SolutionProperties) = preSolution
		HideSolutionNode = FALSE
	EndGlobalSection
	GlobalSection(ExtensibilityGlobals) = postSolution
		SolutionGuid = {DCEAC514-823E-4383-B866-5EB6BFF7AD48}
	EndGlobalSection
EndGlobal
