
Microsoft Visual Studio Solution File, Format Version 12.00
# Visual Studio Version 17
VisualStudioVersion = 17.13.35825.156 d17.13
MinimumVisualStudioVersion = 10.0.40219.1
Project("{FAE04EC0-301F-11D3-BF4B-00C04F79EFBC}") = "1", "1\1.csproj", "{8B9F4902-8F18-4AD9-B5DA-1A1A406F5F73}"
EndProject
Project("{FAE04EC0-301F-11D3-BF4B-00C04F79EFBC}") = "2", "2\2.csproj", "{1759C45C-A9FB-4DB4-8215-44052300E876}"
EndProject
Project("{FAE04EC0-301F-11D3-BF4B-00C04F79EFBC}") = "3", "3\3.csproj", "{39011BAE-1180-4F25-91CF-6F04EE33230D}"
EndProject
Project("{FAE04EC0-301F-11D3-BF4B-00C04F79EFBC}") = "4", "4\4.csproj", "{4A0FE85D-25D3-49E5-A129-582B34AA2E0B}"
EndProject
Project("{FAE04EC0-301F-11D3-BF4B-00C04F79EFBC}") = "5", "5\5.csproj", "{AC0EE98F-8F78-4077-B65F-1862820CBE1B}"
EndProject
Project("{FAE04EC0-301F-11D3-BF4B-00C04F79EFBC}") = "6", "6\6.csproj", "{301ECFC5-A2A7-432B-A8D8-6BC36266316C}"
EndProject
Project("{FAE04EC0-301F-11D3-BF4B-00C04F79EFBC}") = "7", "7\7.csproj", "{7B2AEA09-7485-470A-AC80-869DE2DABB63}"
EndProject
Project("{FAE04EC0-301F-11D3-BF4B-00C04F79EFBC}") = "8", "8\8.csproj", "{BA826BE5-53A5-486D-B711-0F9CBCC5561A}"
EndProject
Project("{FAE04EC0-301F-11D3-BF4B-00C04F79EFBC}") = "10", "10\10.csproj", "{D2FC413A-6DAB-4216-A833-42074D7ADC30}"
EndProject
Project("{FAE04EC0-301F-11D3-BF4B-00C04F79EFBC}") = "9", "9\9.csproj", "{4C8988B5-DA1D-4A16-8DE8-C2C7790592DE}"
EndProject
Project("{FAE04EC0-301F-11D3-BF4B-00C04F79EFBC}") = "11", "11\11.csproj", "{17001ACE-A6ED-4102-B3AF-B5AD8D83E99D}"
EndProject
Project("{FAE04EC0-301F-11D3-BF4B-00C04F79EFBC}") = "12", "12\12.csproj", "{FA479B46-D385-487C-AB44-A063B4719A53}"
EndProject
Project("{FAE04EC0-301F-11D3-BF4B-00C04F79EFBC}") = "13", "13\13.csproj", "{B246609C-4E2B-4F00-8310-F14BA58421FB}"
EndProject
Project("{FAE04EC0-301F-11D3-BF4B-00C04F79EFBC}") = "14", "14\14.csproj", "{941DA633-712F-497F-BF51-9BCBA5910B73}"
EndProject
Project("{FAE04EC0-301F-11D3-BF4B-00C04F79EFBC}") = "15", "15\15.csproj", "{96484209-9ADB-42E7-8B6F-130C604F40D5}"
EndProject
Global
	GlobalSection(SolutionConfigurationPlatforms) = preSolution
		Debug|Any CPU = Debug|Any CPU
		Release|Any CPU = Release|Any CPU
	EndGlobalSection
	GlobalSection(ProjectConfigurationPlatforms) = postSolution
		{8B9F4902-8F18-4AD9-B5DA-1A1A406F5F73}.Debug|Any CPU.ActiveCfg = Debug|Any CPU
		{8B9F4902-8F18-4AD9-B5DA-1A1A406F5F73}.Debug|Any CPU.Build.0 = Debug|Any CPU
		{8B9F4902-8F18-4AD9-B5DA-1A1A406F5F73}.Release|Any CPU.ActiveCfg = Release|Any CPU
		{8B9F4902-8F18-4AD9-B5DA-1A1A406F5F73}.Release|Any CPU.Build.0 = Release|Any CPU
		{1759C45C-A9FB-4DB4-8215-44052300E876}.Debug|Any CPU.ActiveCfg = Debug|Any CPU
		{1759C45C-A9FB-4DB4-8215-44052300E876}.Debug|Any CPU.Build.0 = Debug|Any CPU
		{1759C45C-A9FB-4DB4-8215-44052300E876}.Release|Any CPU.ActiveCfg = Release|Any CPU
		{1759C45C-A9FB-4DB4-8215-44052300E876}.Release|Any CPU.Build.0 = Release|Any CPU
		{39011BAE-1180-4F25-91CF-6F04EE33230D}.Debug|Any CPU.ActiveCfg = Debug|Any CPU
		{39011BAE-1180-4F25-91CF-6F04EE33230D}.Debug|Any CPU.Build.0 = Debug|Any CPU
		{39011BAE-1180-4F25-91CF-6F04EE33230D}.Release|Any CPU.ActiveCfg = Release|Any CPU
		{39011BAE-1180-4F25-91CF-6F04EE33230D}.Release|Any CPU.Build.0 = Release|Any CPU
		{4A0FE85D-25D3-49E5-A129-582B34AA2E0B}.Debug|Any CPU.ActiveCfg = Debug|Any CPU
		{4A0FE85D-25D3-49E5-A129-582B34AA2E0B}.Debug|Any CPU.Build.0 = Debug|Any CPU
		{4A0FE85D-25D3-49E5-A129-582B34AA2E0B}.Release|Any CPU.ActiveCfg = Release|Any CPU
		{4A0FE85D-25D3-49E5-A129-582B34AA2E0B}.Release|Any CPU.Build.0 = Release|Any CPU
		{AC0EE98F-8F78-4077-B65F-1862820CBE1B}.Debug|Any CPU.ActiveCfg = Debug|Any CPU
		{AC0EE98F-8F78-4077-B65F-1862820CBE1B}.Debug|Any CPU.Build.0 = Debug|Any CPU
		{AC0EE98F-8F78-4077-B65F-1862820CBE1B}.Release|Any CPU.ActiveCfg = Release|Any CPU
		{AC0EE98F-8F78-4077-B65F-1862820CBE1B}.Release|Any CPU.Build.0 = Release|Any CPU
		{301ECFC5-A2A7-432B-A8D8-6BC36266316C}.Debug|Any CPU.ActiveCfg = Debug|Any CPU
		{301ECFC5-A2A7-432B-A8D8-6BC36266316C}.Debug|Any CPU.Build.0 = Debug|Any CPU
		{301ECFC5-A2A7-432B-A8D8-6BC36266316C}.Release|Any CPU.ActiveCfg = Release|Any CPU
		{301ECFC5-A2A7-432B-A8D8-6BC36266316C}.Release|Any CPU.Build.0 = Release|Any CPU
		{7B2AEA09-7485-470A-AC80-869DE2DABB63}.Debug|Any CPU.ActiveCfg = Debug|Any CPU
		{7B2AEA09-7485-470A-AC80-869DE2DABB63}.Debug|Any CPU.Build.0 = Debug|Any CPU
		{7B2AEA09-7485-470A-AC80-869DE2DABB63}.Release|Any CPU.ActiveCfg = Release|Any CPU
		{7B2AEA09-7485-470A-AC80-869DE2DABB63}.Release|Any CPU.Build.0 = Release|Any CPU
		{BA826BE5-53A5-486D-B711-0F9CBCC5561A}.Debug|Any CPU.ActiveCfg = Debug|Any CPU
		{BA826BE5-53A5-486D-B711-0F9CBCC5561A}.Debug|Any CPU.Build.0 = Debug|Any CPU
		{BA826BE5-53A5-486D-B711-0F9CBCC5561A}.Release|Any CPU.ActiveCfg = Release|Any CPU
		{BA826BE5-53A5-486D-B711-0F9CBCC5561A}.Release|Any CPU.Build.0 = Release|Any CPU
		{D2FC413A-6DAB-4216-A833-42074D7ADC30}.Debug|Any CPU.ActiveCfg = Debug|Any CPU
		{D2FC413A-6DAB-4216-A833-42074D7ADC30}.Debug|Any CPU.Build.0 = Debug|Any CPU
		{D2FC413A-6DAB-4216-A833-42074D7ADC30}.Release|Any CPU.ActiveCfg = Release|Any CPU
		{D2FC413A-6DAB-4216-A833-42074D7ADC30}.Release|Any CPU.Build.0 = Release|Any CPU
		{4C8988B5-DA1D-4A16-8DE8-C2C7790592DE}.Debug|Any CPU.ActiveCfg = Debug|Any CPU
		{4C8988B5-DA1D-4A16-8DE8-C2C7790592DE}.Debug|Any CPU.Build.0 = Debug|Any CPU
		{4C8988B5-DA1D-4A16-8DE8-C2C7790592DE}.Release|Any CPU.ActiveCfg = Release|Any CPU
		{4C8988B5-DA1D-4A16-8DE8-C2C7790592DE}.Release|Any CPU.Build.0 = Release|Any CPU
		{17001ACE-A6ED-4102-B3AF-B5AD8D83E99D}.Debug|Any CPU.ActiveCfg = Debug|Any CPU
		{17001ACE-A6ED-4102-B3AF-B5AD8D83E99D}.Debug|Any CPU.Build.0 = Debug|Any CPU
		{17001ACE-A6ED-4102-B3AF-B5AD8D83E99D}.Release|Any CPU.ActiveCfg = Release|Any CPU
		{17001ACE-A6ED-4102-B3AF-B5AD8D83E99D}.Release|Any CPU.Build.0 = Release|Any CPU
		{FA479B46-D385-487C-AB44-A063B4719A53}.Debug|Any CPU.ActiveCfg = Debug|Any CPU
		{FA479B46-D385-487C-AB44-A063B4719A53}.Debug|Any CPU.Build.0 = Debug|Any CPU
		{FA479B46-D385-487C-AB44-A063B4719A53}.Release|Any CPU.ActiveCfg = Release|Any CPU
		{FA479B46-D385-487C-AB44-A063B4719A53}.Release|Any CPU.Build.0 = Release|Any CPU
		{B246609C-4E2B-4F00-8310-F14BA58421FB}.Debug|Any CPU.ActiveCfg = Debug|Any CPU
		{B246609C-4E2B-4F00-8310-F14BA58421FB}.Debug|Any CPU.Build.0 = Debug|Any CPU
		{B246609C-4E2B-4F00-8310-F14BA58421FB}.Release|Any CPU.ActiveCfg = Release|Any CPU
		{B246609C-4E2B-4F00-8310-F14BA58421FB}.Release|Any CPU.Build.0 = Release|Any CPU
		{941DA633-712F-497F-BF51-9BCBA5910B73}.Debug|Any CPU.ActiveCfg = Debug|Any CPU
		{941DA633-712F-497F-BF51-9BCBA5910B73}.Debug|Any CPU.Build.0 = Debug|Any CPU
		{941DA633-712F-497F-BF51-9BCBA5910B73}.Release|Any CPU.ActiveCfg = Release|Any CPU
		{941DA633-712F-497F-BF51-9BCBA5910B73}.Release|Any CPU.Build.0 = Release|Any CPU
		{96484209-9ADB-42E7-8B6F-130C604F40D5}.Debug|Any CPU.ActiveCfg = Debug|Any CPU
		{96484209-9ADB-42E7-8B6F-130C604F40D5}.Debug|Any CPU.Build.0 = Debug|Any CPU
		{96484209-9ADB-42E7-8B6F-130C604F40D5}.Release|Any CPU.ActiveCfg = Release|Any CPU
		{96484209-9ADB-42E7-8B6F-130C604F40D5}.Release|Any CPU.Build.0 = Release|Any CPU
	EndGlobalSection
	GlobalSection(SolutionProperties) = preSolution
		HideSolutionNode = FALSE
	EndGlobalSection
	GlobalSection(ExtensibilityGlobals) = postSolution
		SolutionGuid = {2DD61347-3D85-48D1-9502-7669D5A22357}
	EndGlobalSection
EndGlobal
